
Microsoft Visual Studio Solution File, Format Version 12.00
# Visual Studio Version 16
VisualStudioVersion = 16.0.31729.503
MinimumVisualStudioVersion = 10.0.40219.1
Project("{2150E333-8FDC-42A3-9474-1A3956D46DE8}") = "Filmofil.Web", "Filmofil.Web", "{118F7FA2-0852-4DFC-BCA0-B46D34E57552}"
EndProject
Project("{9A19103F-16F7-4668-BE54-9A1E7A4F7556}") = "Filmofil.Web", "Filmofil.Web\Filmofil.Web.csproj", "{13B53295-E0D9-47F1-918E-940E3259A346}"
	ProjectSection(ProjectDependencies) = postProject
		{17A09920-BE61-48CF-B731-C002E0FAD13A} = {17A09920-BE61-48CF-B731-C002E0FAD13A}
		{1E8DA22D-E1B8-4A1B-85B9-E52567EC8662} = {1E8DA22D-E1B8-4A1B-85B9-E52567EC8662}
		{F74BFD57-0AED-48A7-ABB5-03905F7C8FFD} = {F74BFD57-0AED-48A7-ABB5-03905F7C8FFD}
		{F53C256D-F7D0-4BE4-B04C-699F80D1A752} = {F53C256D-F7D0-4BE4-B04C-699F80D1A752}
		{2D8750D3-EFCC-445C-9ECF-F64E8321644E} = {2D8750D3-EFCC-445C-9ECF-F64E8321644E}
	EndProjectSection
EndProject
Project("{2150E333-8FDC-42A3-9474-1A3956D46DE8}") = "Filmofil.Domain", "Filmofil.Domain", "{EF9914C1-875E-4858-B813-36AB2ACDB34A}"
EndProject
Project("{9A19103F-16F7-4668-BE54-9A1E7A4F7556}") = "Filmofil.Domain", "Filmofil.Domain\Filmofil.Domain.csproj", "{17A09920-BE61-48CF-B731-C002E0FAD13A}"
EndProject
Project("{2150E333-8FDC-42A3-9474-1A3956D46DE8}") = "Filmofil.Business", "Filmofil.Business", "{4AA1A7D5-413B-4B5F-890B-902295D009AB}"
EndProject
Project("{9A19103F-16F7-4668-BE54-9A1E7A4F7556}") = "Filmofil.Business", "Filmofil.Business\Filmofil.Business.csproj", "{2D8750D3-EFCC-445C-9ECF-F64E8321644E}"
	ProjectSection(ProjectDependencies) = postProject
		{1E8DA22D-E1B8-4A1B-85B9-E52567EC8662} = {1E8DA22D-E1B8-4A1B-85B9-E52567EC8662}
	EndProjectSection
EndProject
Project("{2150E333-8FDC-42A3-9474-1A3956D46DE8}") = "Filmofil.Services", "Filmofil.Services", "{26C4ABFC-200C-43C3-A22D-3495C104FD05}"
EndProject
Project("{9A19103F-16F7-4668-BE54-9A1E7A4F7556}") = "Filmofil.Services", "Filmofil.Services\Filmofil.Services.csproj", "{1E8DA22D-E1B8-4A1B-85B9-E52567EC8662}"
	ProjectSection(ProjectDependencies) = postProject
		{17A09920-BE61-48CF-B731-C002E0FAD13A} = {17A09920-BE61-48CF-B731-C002E0FAD13A}
		{F74BFD57-0AED-48A7-ABB5-03905F7C8FFD} = {F74BFD57-0AED-48A7-ABB5-03905F7C8FFD}
		{F53C256D-F7D0-4BE4-B04C-699F80D1A752} = {F53C256D-F7D0-4BE4-B04C-699F80D1A752}
	EndProjectSection
EndProject
Project("{2150E333-8FDC-42A3-9474-1A3956D46DE8}") = "Filmofil.Redis", "Filmofil.Redis", "{A11016E1-C7E9-4DE2-B7CC-855C2F419A52}"
EndProject
Project("{9A19103F-16F7-4668-BE54-9A1E7A4F7556}") = "Filmofil.Redis", "Filmofil.Redis\Filmofil.Redis.csproj", "{F74BFD57-0AED-48A7-ABB5-03905F7C8FFD}"
EndProject
Project("{2150E333-8FDC-42A3-9474-1A3956D46DE8}") = "Filmofil.Neo4J", "Filmofil.Neo4J", "{993954C2-A4D0-4350-B3A5-F1B1B13C83E8}"
EndProject
Project("{9A19103F-16F7-4668-BE54-9A1E7A4F7556}") = "Filmofil.Neo4J", "Filmofil.Neo4J\Filmofil.Neo4J.csproj", "{F53C256D-F7D0-4BE4-B04C-699F80D1A752}"
EndProject
Global
	GlobalSection(SolutionConfigurationPlatforms) = preSolution
		Debug|Any CPU = Debug|Any CPU
		Release|Any CPU = Release|Any CPU
	EndGlobalSection
	GlobalSection(ProjectConfigurationPlatforms) = postSolution
		{13B53295-E0D9-47F1-918E-940E3259A346}.Debug|Any CPU.ActiveCfg = Debug|Any CPU
		{13B53295-E0D9-47F1-918E-940E3259A346}.Debug|Any CPU.Build.0 = Debug|Any CPU
		{13B53295-E0D9-47F1-918E-940E3259A346}.Release|Any CPU.ActiveCfg = Release|Any CPU
		{13B53295-E0D9-47F1-918E-940E3259A346}.Release|Any CPU.Build.0 = Release|Any CPU
		{17A09920-BE61-48CF-B731-C002E0FAD13A}.Debug|Any CPU.ActiveCfg = Debug|Any CPU
		{17A09920-BE61-48CF-B731-C002E0FAD13A}.Debug|Any CPU.Build.0 = Debug|Any CPU
		{17A09920-BE61-48CF-B731-C002E0FAD13A}.Release|Any CPU.ActiveCfg = Release|Any CPU
		{17A09920-BE61-48CF-B731-C002E0FAD13A}.Release|Any CPU.Build.0 = Release|Any CPU
		{2D8750D3-EFCC-445C-9ECF-F64E8321644E}.Debug|Any CPU.ActiveCfg = Debug|Any CPU
		{2D8750D3-EFCC-445C-9ECF-F64E8321644E}.Debug|Any CPU.Build.0 = Debug|Any CPU
		{2D8750D3-EFCC-445C-9ECF-F64E8321644E}.Release|Any CPU.ActiveCfg = Release|Any CPU
		{2D8750D3-EFCC-445C-9ECF-F64E8321644E}.Release|Any CPU.Build.0 = Release|Any CPU
		{1E8DA22D-E1B8-4A1B-85B9-E52567EC8662}.Debug|Any CPU.ActiveCfg = Debug|Any CPU
		{1E8DA22D-E1B8-4A1B-85B9-E52567EC8662}.Debug|Any CPU.Build.0 = Debug|Any CPU
		{1E8DA22D-E1B8-4A1B-85B9-E52567EC8662}.Release|Any CPU.ActiveCfg = Release|Any CPU
		{1E8DA22D-E1B8-4A1B-85B9-E52567EC8662}.Release|Any CPU.Build.0 = Release|Any CPU
		{F74BFD57-0AED-48A7-ABB5-03905F7C8FFD}.Debug|Any CPU.ActiveCfg = Debug|Any CPU
		{F74BFD57-0AED-48A7-ABB5-03905F7C8FFD}.Debug|Any CPU.Build.0 = Debug|Any CPU
		{F74BFD57-0AED-48A7-ABB5-03905F7C8FFD}.Release|Any CPU.ActiveCfg = Release|Any CPU
		{F74BFD57-0AED-48A7-ABB5-03905F7C8FFD}.Release|Any CPU.Build.0 = Release|Any CPU
		{F53C256D-F7D0-4BE4-B04C-699F80D1A752}.Debug|Any CPU.ActiveCfg = Debug|Any CPU
		{F53C256D-F7D0-4BE4-B04C-699F80D1A752}.Debug|Any CPU.Build.0 = Debug|Any CPU
		{F53C256D-F7D0-4BE4-B04C-699F80D1A752}.Release|Any CPU.ActiveCfg = Release|Any CPU
		{F53C256D-F7D0-4BE4-B04C-699F80D1A752}.Release|Any CPU.Build.0 = Release|Any CPU
	EndGlobalSection
	GlobalSection(SolutionProperties) = preSolution
		HideSolutionNode = FALSE
	EndGlobalSection
	GlobalSection(NestedProjects) = preSolution
		{13B53295-E0D9-47F1-918E-940E3259A346} = {118F7FA2-0852-4DFC-BCA0-B46D34E57552}
		{17A09920-BE61-48CF-B731-C002E0FAD13A} = {EF9914C1-875E-4858-B813-36AB2ACDB34A}
		{2D8750D3-EFCC-445C-9ECF-F64E8321644E} = {4AA1A7D5-413B-4B5F-890B-902295D009AB}
		{1E8DA22D-E1B8-4A1B-85B9-E52567EC8662} = {26C4ABFC-200C-43C3-A22D-3495C104FD05}
		{F74BFD57-0AED-48A7-ABB5-03905F7C8FFD} = {A11016E1-C7E9-4DE2-B7CC-855C2F419A52}
		{F53C256D-F7D0-4BE4-B04C-699F80D1A752} = {993954C2-A4D0-4350-B3A5-F1B1B13C83E8}
	EndGlobalSection
	GlobalSection(ExtensibilityGlobals) = postSolution
		SolutionGuid = {D542CF75-8227-4E31-9A0B-A9A6905ADC61}
	EndGlobalSection
EndGlobal
